// !$*UTF8*$!
{
	archiveVersion = 1;
	classes = {
	};
	objectVersion = 46;
	objects = {

/* Begin PBXBuildFile section */
		9897ADBB1C860AC9002D4E92 /* AppDelegate.swift in Sources */ = {isa = PBXBuildFile; fileRef = 9897ADBA1C860AC9002D4E92 /* AppDelegate.swift */; };
		9897ADBD1C860AC9002D4E92 /* ViewController.swift in Sources */ = {isa = PBXBuildFile; fileRef = 9897ADBC1C860AC9002D4E92 /* ViewController.swift */; };
		9897ADC01C860AC9002D4E92 /* Main.storyboard in Resources */ = {isa = PBXBuildFile; fileRef = 9897ADBE1C860AC9002D4E92 /* Main.storyboard */; };
		9897ADC21C860AC9002D4E92 /* Assets.xcassets in Resources */ = {isa = PBXBuildFile; fileRef = 9897ADC11C860AC9002D4E92 /* Assets.xcassets */; };
		9897ADC51C860AC9002D4E92 /* LaunchScreen.storyboard in Resources */ = {isa = PBXBuildFile; fileRef = 9897ADC31C860AC9002D4E92 /* LaunchScreen.storyboard */; };
		9897ADCD1C875D0A002D4E92 /* DragImg.swift in Sources */ = {isa = PBXBuildFile; fileRef = 9897ADCC1C875D0A002D4E92 /* DragImg.swift */; };
/* End PBXBuildFile section */

/* Begin PBXFileReference section */
		9897ADB71C860AC9002D4E92 /* mylittlemonster.app */ = {isa = PBXFileReference; explicitFileType = wrapper.application; includeInIndex = 0; path = mylittlemonster.app; sourceTree = BUILT_PRODUCTS_DIR; };
		9897ADBA1C860AC9002D4E92 /* AppDelegate.swift */ = {isa = PBXFileReference; lastKnownFileType = sourcecode.swift; path = AppDelegate.swift; sourceTree = "<group>"; };
		9897ADBC1C860AC9002D4E92 /* ViewController.swift */ = {isa = PBXFileReference; lastKnownFileType = sourcecode.swift; path = ViewController.swift; sourceTree = "<group>"; };
		9897ADBF1C860AC9002D4E92 /* Base */ = {isa = PBXFileReference; lastKnownFileType = file.storyboard; name = Base; path = Base.lproj/Main.storyboard; sourceTree = "<group>"; };
		9897ADC11C860AC9002D4E92 /* Assets.xcassets */ = {isa = PBXFileReference; lastKnownFileType = folder.assetcatalog; path = Assets.xcassets; sourceTree = "<group>"; };
		9897ADC41C860AC9002D4E92 /* Base */ = {isa = PBXFileReference; lastKnownFileType = file.storyboard; name = Base; path = Base.lproj/LaunchScreen.storyboard; sourceTree = "<group>"; };
		9897ADC61C860AC9002D4E92 /* Info.plist */ = {isa = PBXFileReference; lastKnownFileType = text.plist.xml; path = Info.plist; sourceTree = "<group>"; };
		9897ADCC1C875D0A002D4E92 /* DragImg.swift */ = {isa = PBXFileReference; fileEncoding = 4; lastKnownFileType = sourcecode.swift; path = DragImg.swift; sourceTree = "<group>"; };
/* End PBXFileReference section */

/* Begin PBXFrameworksBuildPhase section */
		9897ADB41C860AC9002D4E92 /* Frameworks */ = {
			isa = PBXFrameworksBuildPhase;
			buildActionMask = 2147483647;
			files = (
			);
			runOnlyForDeploymentPostprocessing = 0;
		};
/* End PBXFrameworksBuildPhase section */

/* Begin PBXGroup section */
		9897ADAE1C860AC9002D4E92 = {
			isa = PBXGroup;
			children = (
				9897ADB91C860AC9002D4E92 /* mylittlemonster */,
				9897ADB81C860AC9002D4E92 /* Products */,
			);
			sourceTree = "<group>";
		};
		9897ADB81C860AC9002D4E92 /* Products */ = {
			isa = PBXGroup;
			children = (
				9897ADB71C860AC9002D4E92 /* mylittlemonster.app */,
			);
			name = Products;
			sourceTree = "<group>";
		};
		9897ADB91C860AC9002D4E92 /* mylittlemonster */ = {
			isa = PBXGroup;
			children = (
				9897ADBA1C860AC9002D4E92 /* AppDelegate.swift */,
				9897ADBC1C860AC9002D4E92 /* ViewController.swift */,
				9897ADBE1C860AC9002D4E92 /* Main.storyboard */,
				9897ADC11C860AC9002D4E92 /* Assets.xcassets */,
				9897ADC31C860AC9002D4E92 /* LaunchScreen.storyboard */,
				9897ADC61C860AC9002D4E92 /* Info.plist */,
				9897ADCC1C875D0A002D4E92 /* DragImg.swift */,
			);
			path = mylittlemonster;
			sourceTree = "<group>";
		};
/* End PBXGroup section */

/* Begin PBXNativeTarget section */
		9897ADB61C860AC9002D4E92 /* mylittlemonster */ = {
			isa = PBXNativeTarget;
			buildConfigurationList = 9897ADC91C860AC9002D4E92 /* Build configuration list for PBXNativeTarget "mylittlemonster" */;
			buildPhases = (
				9897ADB31C860AC9002D4E92 /* Sources */,
				9897ADB41C860AC9002D4E92 /* Frameworks */,
				9897ADB51C860AC9002D4E92 /* Resources */,
			);
			buildRules = (
			);
			dependencies = (
			);
			name = mylittlemonster;
			productName = mylittlemonster;
			productReference = 9897ADB71C860AC9002D4E92 /* mylittlemonster.app */;
			productType = "com.apple.product-type.application";
		};
/* End PBXNativeTarget section */

/* Begin PBXProject section */
		9897ADAF1C860AC9002D4E92 /* Project object */ = {
			isa = PBXProject;
			attributes = {
				LastSwiftUpdateCheck = 0720;
				LastUpgradeCheck = 0720;
				ORGANIZATIONNAME = Magiclarsen;
				TargetAttributes = {
					9897ADB61C860AC9002D4E92 = {
						CreatedOnToolsVersion = 7.2.1;
					};
				};
			};
			buildConfigurationList = 9897ADB21C860AC9002D4E92 /* Build configuration list for PBXProject "mylittlemonster" */;
			compatibilityVersion = "Xcode 3.2";
			developmentRegion = English;
			hasScannedForEncodings = 0;
			knownRegions = (
				en,
				Base,
			);
			mainGroup = 9897ADAE1C860AC9002D4E92;
			productRefGroup = 9897ADB81C860AC9002D4E92 /* Products */;
			projectDirPath = "";
			projectRoot = "";
			targets = (
				9897ADB61C860AC9002D4E92 /* mylittlemonster */,
			);
		};
/* End PBXProject section */

/* Begin PBXResourcesBuildPhase section */
		9897ADB51C860AC9002D4E92 /* Resources */ = {
			isa = PBXResourcesBuildPhase;
			buildActionMask = 2147483647;
			files = (
				9897ADC51C860AC9002D4E92 /* LaunchScreen.storyboard in Resources */,
				9897ADC21C860AC9002D4E92 /* Assets.xcassets in Resources */,
				9897ADC01C860AC9002D4E92 /* Main.storyboard in Resources */,
			);
			runOnlyForDeploymentPostprocessing = 0;
		};
/* End PBXResourcesBuildPhase section */

/* Begin PBXSourcesBuildPhase section */
		9897ADB31C860AC9002D4E92 /* Sources */ = {
			isa = PBXSourcesBuildPhase;
			buildActionMask = 2147483647;
			files = (
				9897ADBD1C860AC9002D4E92 /* ViewController.swift in Sources */,
				9897ADBB1C860AC9002D4E92 /* AppDelegate.swift in Sources */,
				9897ADCD1C875D0A002D4E92 /* DragImg.swift in Sources */,
			);
			runOnlyForDeploymentPostprocessing = 0;
		};
/* End PBXSourcesBuildPhase section */

/* Begin PBXVariantGroup section */
		9897ADBE1C860AC9002D4E92 /* Main.storyboard */ = {
			isa = PBXVariantGroup;
			children = (
				9897ADBF1C860AC9002D4E92 /* Base */,
			);
			name = Main.storyboard;
			sourceTree = "<group>";
		};
		9897ADC31C860AC9002D4E92 /* LaunchScreen.storyboard */ = {
			isa = PBXVariantGroup;
			children = (
				9897ADC41C860AC9002D4E92 /* Base */,
			);
			name = LaunchScreen.storyboard;
			sourceTree = "<group>";
		};
/* End PBXVariantGroup section */

/* Begin XCBuildConfiguration section */
		9897ADC71C860AC9002D4E92 /* Debug */ = {
			isa = XCBuildConfiguration;
			buildSettings = {
				ALWAYS_SEARCH_USER_PATHS = NO;
				CLANG_CXX_LANGUAGE_STANDARD = "gnu++0x";
				CLANG_CXX_LIBRARY = "libc++";
				CLANG_ENABLE_MODULES = YES;
				CLANG_ENABLE_OBJC_ARC = YES;
				CLANG_WARN_BOOL_CONVERSION = YES;
				CLANG_WARN_CONSTANT_CONVERSION = YES;
				CLANG_WARN_DIRECT_OBJC_ISA_USAGE = YES_ERROR;
				CLANG_WARN_EMPTY_BODY = YES;
				CLANG_WARN_ENUM_CONVERSION = YES;
				CLANG_WARN_INT_CONVERSION = YES;
				CLANG_WARN_OBJC_ROOT_CLASS = YES_ERROR;
				CLANG_WARN_UNREACHABLE_CODE = YES;
				CLANG_WARN__DUPLICATE_METHOD_MATCH = YES;
				"CODE_SIGN_IDENTITY[sdk=iphoneos*]" = "iPhone Developer";
				COPY_PHASE_STRIP = NO;
				DEBUG_INFORMATION_FORMAT = dwarf;
				ENABLE_STRICT_OBJC_MSGSEND = YES;
				ENABLE_TESTABILITY = YES;
				GCC_C_LANGUAGE_STANDARD = gnu99;
				GCC_DYNAMIC_NO_PIC = NO;
				GCC_NO_COMMON_BLOCKS = YES;
				GCC_OPTIMIZATION_LEVEL = 0;
				GCC_PREPROCESSOR_DEFINITIONS = (
					"DEBUG=1",
					"$(inherited)",
				);
				GCC_WARN_64_TO_32_BIT_CONVERSION = YES;
				GCC_WARN_ABOUT_RETURN_TYPE = YES_ERROR;
				GCC_WARN_UNDECLARED_SELECTOR = YES;
				GCC_WARN_UNINITIALIZED_AUTOS = YES_AGGRESSIVE;
				GCC_WARN_UNUSED_FUNCTION = YES;
				GCC_WARN_UNUSED_VARIABLE = YES;
				IPHONEOS_DEPLOYMENT_TARGET = 9.2;
				MTL_ENABLE_DEBUG_INFO = YES;
				ONLY_ACTIVE_ARCH = YES;
				SDKROOT = iphoneos;
				SWIFT_OPTIMIZATION_LEVEL = "-Onone";
				TARGETED_DEVICE_FAMILY = "1,2";
			};
			name = Debug;
		};
		9897ADC81C860AC9002D4E92 /* Release */ = {
			isa = XCBuildConfiguration;
			buildSettings = {
				ALWAYS_SEARCH_USER_PATHS = NO;
				CLANG_CXX_LANGUAGE_STANDARD = "gnu++0x";
				CLANG_CXX_LIBRARY = "libc++";
				CLANG_ENABLE_MODULES = YES;
				CLANG_ENABLE_OBJC_ARC = YES;
				CLANG_WARN_BOOL_CONVERSION = YES;
				CLANG_WARN_CONSTANT_CONVERSION = YES;
				CLANG_WARN_DIRECT_OBJC_ISA_USAGE = YES_ERROR;
				CLANG_WARN_EMPTY_BODY = YES;
				CLANG_WARN_ENUM_CONVERSION = YES;
				CLANG_WARN_INT_CONVERSION = YES;
				CLANG_WARN_OBJC_ROOT_CLASS = YES_ERROR;
				CLANG_WARN_UNREACHABLE_CODE = YES;
				CLANG_WARN__DUPLICATE_METHOD_MATCH = YES;
				"CODE_SIGN_IDENTITY[sdk=iphoneos*]" = "iPhone Developer";
				COPY_PHASE_STRIP = NO;
				DEBUG_INFORMATION_FORMAT = "dwarf-with-dsym";
				ENABLE_NS_ASSERTIONS = NO;
				ENABLE_STRICT_OBJC_MSGSEND = YES;
				GCC_C_LANGUAGE_STANDARD = gnu99;
				GCC_NO_COMMON_BLOCKS = YES;
				GCC_WARN_64_TO_32_BIT_CONVERSION = YES;
				GCC_WARN_ABOUT_RETURN_TYPE = YES_ERROR;
				GCC_WARN_UNDECLARED_SELECTOR = YES;
				GCC_WARN_UNINITIALIZED_AUTOS = YES_AGGRESSIVE;
				GCC_WARN_UNUSED_FUNCTION = YES;
				GCC_WARN_UNUSED_VARIABLE = YES;
				IPHONEOS_DEPLOYMENT_TARGET = 9.2;
				MTL_ENABLE_DEBUG_INFO = NO;
				SDKROOT = iphoneos;
				TARGETED_DEVICE_FAMILY = "1,2";
				VALIDATE_PRODUCT = YES;
			};
			name = Release;
		};
		9897ADCA1C860AC9002D4E92 /* Debug */ = {
			isa = XCBuildConfiguration;
			buildSettings = {
				ASSETCATALOG_COMPILER_APPICON_NAME = AppIcon;
				INFOPLIST_FILE = mylittlemonster/Info.plist;
				LD_RUNPATH_SEARCH_PATHS = "$(inherited) @executable_path/Frameworks";
				PRODUCT_BUNDLE_IDENTIFIER = com.magiclarsen.mylittlemonster;
				PRODUCT_NAME = "$(TARGET_NAME)";
			};
			name = Debug;
		};
		9897ADCB1C860AC9002D4E92 /* Release */ = {
			isa = XCBuildConfiguration;
			buildSettings = {
				ASSETCATALOG_COMPILER_APPICON_NAME = AppIcon;
				INFOPLIST_FILE = mylittlemonster/Info.plist;
				LD_RUNPATH_SEARCH_PATHS = "$(inherited) @executable_path/Frameworks";
				PRODUCT_BUNDLE_IDENTIFIER = com.magiclarsen.mylittlemonster;
				PRODUCT_NAME = "$(TARGET_NAME)";
			};
			name = Release;
		};
/* End XCBuildConfiguration section */

/* Begin XCConfigurationList section */
		9897ADB21C860AC9002D4E92 /* Build configuration list for PBXProject "mylittlemonster" */ = {
			isa = XCConfigurationList;
			buildConfigurations = (
				9897ADC71C860AC9002D4E92 /* Debug */,
				9897ADC81C860AC9002D4E92 /* Release */,
			);
			defaultConfigurationIsVisible = 0;
			defaultConfigurationName = Release;
		};
		9897ADC91C860AC9002D4E92 /* Build configuration list for PBXNativeTarget "mylittlemonster" */ = {
			isa = XCConfigurationList;
			buildConfigurations = (
				9897ADCA1C860AC9002D4E92 /* Debug */,
				9897ADCB1C860AC9002D4E92 /* Release */,
			);
			defaultConfigurationIsVisible = 0;
		};
/* End XCConfigurationList section */
	};
	rootObject = 9897ADAF1C860AC9002D4E92 /* Project object */;
}
